
Microsoft Visual Studio Solution File, Format Version 12.00
# Visual Studio Version 17
VisualStudioVersion = 17.14.36221.1 d17.14
MinimumVisualStudioVersion = 10.0.40219.1
Project("{FAE04EC0-301F-11D3-BF4B-00C04F79EFBC}") = "ISIP1624_BatkovRS", "ISIP1624_BatkovRS\ISIP1624_BatkovRS.csproj", "{E60EBA55-8872-415D-9139-B053DBDA2D37}"
EndProject
Global
	GlobalSection(SolutionConfigurationPlatforms) = preSolution
		Debug|Any CPU = Debug|Any CPU
		Release|Any CPU = Release|Any CPU
	EndGlobalSection
	GlobalSection(ProjectConfigurationPlatforms) = postSolution
		{E60EBA55-8872-415D-9139-B053DBDA2D37}.Debug|Any CPU.ActiveCfg = Debug|Any CPU
		{E60EBA55-8872-415D-9139-B053DBDA2D37}.Debug|Any CPU.Build.0 = Debug|Any CPU
		{E60EBA55-8872-415D-9139-B053DBDA2D37}.Release|Any CPU.ActiveCfg = Release|Any CPU
		{E60EBA55-8872-415D-9139-B053DBDA2D37}.Release|Any CPU.Build.0 = Release|Any CPU
	EndGlobalSection
	GlobalSection(SolutionProperties) = preSolution
		HideSolutionNode = FALSE
	EndGlobalSection
	GlobalSection(ExtensibilityGlobals) = postSolution
		SolutionGuid = {1B0AF9C8-144F-4B14-8C8F-68DF21A2DBAF}
	EndGlobalSection
EndGlobal
